
Microsoft Visual Studio Solution File, Format Version 12.00
# Visual Studio Version 16
VisualStudioVersion = 25.0.1706.4
MinimumVisualStudioVersion = 10.0.40219.1
Project("{FAE04EC0-301F-11D3-BF4B-00C04F79EFBC}") = "FitnessTracker", "FitnessTracker\FitnessTracker.csproj", "{42D97913-DF54-46FF-A384-290C70CB0BAE}"
EndProject
Global
	GlobalSection(SolutionConfigurationPlatforms) = preSolution
		Debug|Any CPU = Debug|Any CPU
		Release|Any CPU = Release|Any CPU
	EndGlobalSection
	GlobalSection(ProjectConfigurationPlatforms) = postSolution
		{42D97913-DF54-46FF-A384-290C70CB0BAE}.Debug|Any CPU.ActiveCfg = Debug|Any CPU
		{42D97913-DF54-46FF-A384-290C70CB0BAE}.Debug|Any CPU.Build.0 = Debug|Any CPU
		{42D97913-DF54-46FF-A384-290C70CB0BAE}.Release|Any CPU.ActiveCfg = Release|Any CPU
		{42D97913-DF54-46FF-A384-290C70CB0BAE}.Release|Any CPU.Build.0 = Release|Any CPU
	EndGlobalSection
	GlobalSection(SolutionProperties) = preSolution
		HideSolutionNode = FALSE
	EndGlobalSection
	GlobalSection(ExtensibilityGlobals) = postSolution
		SolutionGuid = {07F78280-F9D9-4201-97D9-F1F4163C035F}
	EndGlobalSection
EndGlobal
